// !$*UTF8*$!
{
	archiveVersion = 1;
	classes = {
	};
	objectVersion = 46;
	objects = {

/* Begin PBXBuildFile section */
		3C4CE3951B763AE700B7ADD3 /* MathHelpers.swift in Sources */ = {isa = PBXBuildFile; fileRef = 3C4CE3941B763AE700B7ADD3 /* MathHelpers.swift */; };
		3C4CE3971B766CB500B7ADD3 /* TimerLabelView.swift in Sources */ = {isa = PBXBuildFile; fileRef = 3C4CE3961B766CB500B7ADD3 /* TimerLabelView.swift */; };
		3C60E07E1B8B9E0300FE7AE4 /* butter_growl.wav in Resources */ = {isa = PBXBuildFile; fileRef = 3C60E07D1B8B9E0300FE7AE4 /* butter_growl.wav */; };
		3C633D921B81107B007DC9AF /* Timer+Utilities.swift in Sources */ = {isa = PBXBuildFile; fileRef = 3C633D911B81107B007DC9AF /* Timer+Utilities.swift */; };
		3C633D941B812220007DC9AF /* ButtrCartoonView.swift in Sources */ = {isa = PBXBuildFile; fileRef = 3C633D931B812220007DC9AF /* ButtrCartoonView.swift */; };
		3C633D981B812CF0007DC9AF /* HomeViewController.swift in Sources */ = {isa = PBXBuildFile; fileRef = 3C633D971B812CF0007DC9AF /* HomeViewController.swift */; };
		3C7CD1681B8274BC00FEED2D /* WarningSlider.swift in Sources */ = {isa = PBXBuildFile; fileRef = 3C7CD1671B8274BC00FEED2D /* WarningSlider.swift */; };
		3C7CD16B1B82A4F700FEED2D /* Timer.swift in Sources */ = {isa = PBXBuildFile; fileRef = 3C7CD16A1B82A4F700FEED2D /* Timer.swift */; };
		3C7CD16D1B82A4F700FEED2D /* Warning.swift in Sources */ = {isa = PBXBuildFile; fileRef = 3C7CD16C1B82A4F700FEED2D /* Warning.swift */; };
		3C7CD16F1B82A7AC00FEED2D /* Warning+Utilities.swift in Sources */ = {isa = PBXBuildFile; fileRef = 3C7CD16E1B82A7AC00FEED2D /* Warning+Utilities.swift */; };
		3C7CD1B11B87C46100FEED2D /* CircularProgressBar.swift in Sources */ = {isa = PBXBuildFile; fileRef = 3C7CD1B01B87C46100FEED2D /* CircularProgressBar.swift */; };
		3C7CD1B31B87CBE800FEED2D /* HandleView.swift in Sources */ = {isa = PBXBuildFile; fileRef = 3C7CD1B21B87CBE800FEED2D /* HandleView.swift */; };
		3CC0DAC21B79149E002FB268 /* TimerProgressView.swift in Sources */ = {isa = PBXBuildFile; fileRef = 3CC0DAC11B79149E002FB268 /* TimerProgressView.swift */; };
		3CC0DAC61B791B0F002FB268 /* TimerProgressViewController.swift in Sources */ = {isa = PBXBuildFile; fileRef = 3CC0DAC51B791B0F002FB268 /* TimerProgressViewController.swift */; };
		3CC0DACB1B796439002FB268 /* Fabric.framework in Frameworks */ = {isa = PBXBuildFile; fileRef = 3CC0DAC91B796439002FB268 /* Fabric.framework */; };
		3CC0DACC1B796439002FB268 /* Crashlytics.framework in Frameworks */ = {isa = PBXBuildFile; fileRef = 3CC0DACA1B796439002FB268 /* Crashlytics.framework */; };
		3CC0DACF1B7AC4D2002FB268 /* AltEditTimerViewController.swift in Sources */ = {isa = PBXBuildFile; fileRef = 3CC0DACD1B7AC4D2002FB268 /* AltEditTimerViewController.swift */; };
		3CC0DAD01B7AC4D2002FB268 /* AltEditTimerViewController.xib in Resources */ = {isa = PBXBuildFile; fileRef = 3CC0DACE1B7AC4D2002FB268 /* AltEditTimerViewController.xib */; };
		3CC0DAD41B7C419A002FB268 /* PawButton.swift in Sources */ = {isa = PBXBuildFile; fileRef = 3CC0DAD31B7C419A002FB268 /* PawButton.swift */; };
		3CE7F9D41B73B75A0015EED7 /* AppDelegate.swift in Sources */ = {isa = PBXBuildFile; fileRef = 3CE7F9D31B73B75A0015EED7 /* AppDelegate.swift */; };
		3CE7F9D71B73B75A0015EED7 /* Buttr.xcdatamodeld in Sources */ = {isa = PBXBuildFile; fileRef = 3CE7F9D51B73B75A0015EED7 /* Buttr.xcdatamodeld */; };
		3CE7F9D91B73B75A0015EED7 /* EditTimerViewController.swift in Sources */ = {isa = PBXBuildFile; fileRef = 3CE7F9D81B73B75A0015EED7 /* EditTimerViewController.swift */; };
		3CE7F9DC1B73B75A0015EED7 /* Main.storyboard in Resources */ = {isa = PBXBuildFile; fileRef = 3CE7F9DA1B73B75A0015EED7 /* Main.storyboard */; };
		3CE7F9DE1B73B75A0015EED7 /* Images.xcassets in Resources */ = {isa = PBXBuildFile; fileRef = 3CE7F9DD1B73B75A0015EED7 /* Images.xcassets */; };
		3CE7F9E11B73B75A0015EED7 /* LaunchScreen.xib in Resources */ = {isa = PBXBuildFile; fileRef = 3CE7F9DF1B73B75A0015EED7 /* LaunchScreen.xib */; };
		3CE7F9ED1B73B75B0015EED7 /* ButtrTests.swift in Sources */ = {isa = PBXBuildFile; fileRef = 3CE7F9EC1B73B75B0015EED7 /* ButtrTests.swift */; };
		3CE7F9F91B73C0270015EED7 /* CircularSlider.swift in Sources */ = {isa = PBXBuildFile; fileRef = 3CE7F9F81B73C0270015EED7 /* CircularSlider.swift */; };
		3CE7F9FB1B73DF870015EED7 /* TimerControlView.swift in Sources */ = {isa = PBXBuildFile; fileRef = 3CE7F9FA1B73DF870015EED7 /* TimerControlView.swift */; };
		3CE7FA021B754ED70015EED7 /* Bitter-Bold.otf in Resources */ = {isa = PBXBuildFile; fileRef = 3CE7F9FD1B754E8F0015EED7 /* Bitter-Bold.otf */; };
		3CE7FA031B754ED70015EED7 /* Bitter-Regular.otf in Resources */ = {isa = PBXBuildFile; fileRef = 3CE7F9FE1B754E8F0015EED7 /* Bitter-Regular.otf */; };
		3CE7FA041B754ED70015EED7 /* Lato-Black.ttf in Resources */ = {isa = PBXBuildFile; fileRef = 3CE7F9FF1B754EB10015EED7 /* Lato-Black.ttf */; };
		3CE7FA051B754ED70015EED7 /* Lato-Light.ttf in Resources */ = {isa = PBXBuildFile; fileRef = 3CE7FA001B754EB10015EED7 /* Lato-Light.ttf */; };
		3CE7FA061B754ED70015EED7 /* Lato-Regular.ttf in Resources */ = {isa = PBXBuildFile; fileRef = 3CE7FA011B754EB10015EED7 /* Lato-Regular.ttf */; };
		3CE7FA091B7634A30015EED7 /* UIColor+ButtrColors.swift in Sources */ = {isa = PBXBuildFile; fileRef = 3CE7FA081B7634A30015EED7 /* UIColor+ButtrColors.swift */; };
		3CF1FD811B7C4C700017F1AE /* KeyPadControlButton.swift in Sources */ = {isa = PBXBuildFile; fileRef = 3CF1FD801B7C4C700017F1AE /* KeyPadControlButton.swift */; };
		3CF1FDB61B7CFC860017F1AE /* DataManager.swift in Sources */ = {isa = PBXBuildFile; fileRef = 3CF1FDB51B7CFC860017F1AE /* DataManager.swift */; };
		3CF1FDC51B7D2EB00017F1AE /* butter_bark.wav in Resources */ = {isa = PBXBuildFile; fileRef = 3CF1FDC41B7D2EB00017F1AE /* butter_bark.wav */; };
/* End PBXBuildFile section */

/* Begin PBXContainerItemProxy section */
		3CE7F9E71B73B75B0015EED7 /* PBXContainerItemProxy */ = {
			isa = PBXContainerItemProxy;
			containerPortal = 3CE7F9C61B73B75A0015EED7 /* Project object */;
			proxyType = 1;
			remoteGlobalIDString = 3CE7F9CD1B73B75A0015EED7;
			remoteInfo = Buttr;
		};
/* End PBXContainerItemProxy section */

/* Begin PBXFileReference section */
		3C4CE3941B763AE700B7ADD3 /* MathHelpers.swift */ = {isa = PBXFileReference; fileEncoding = 4; lastKnownFileType = sourcecode.swift; path = MathHelpers.swift; sourceTree = "<group>"; };
		3C4CE3961B766CB500B7ADD3 /* TimerLabelView.swift */ = {isa = PBXFileReference; fileEncoding = 4; lastKnownFileType = sourcecode.swift; path = TimerLabelView.swift; sourceTree = "<group>"; };
		3C60E07D1B8B9E0300FE7AE4 /* butter_growl.wav */ = {isa = PBXFileReference; lastKnownFileType = audio.wav; path = butter_growl.wav; sourceTree = "<group>"; };
		3C633D8E1B7ECC4A007DC9AF /* Butter0.0.5.xcdatamodel */ = {isa = PBXFileReference; lastKnownFileType = wrapper.xcdatamodel; path = Butter0.0.5.xcdatamodel; sourceTree = "<group>"; };
		3C633D911B81107B007DC9AF /* Timer+Utilities.swift */ = {isa = PBXFileReference; fileEncoding = 4; lastKnownFileType = sourcecode.swift; path = "Timer+Utilities.swift"; sourceTree = "<group>"; };
		3C633D931B812220007DC9AF /* ButtrCartoonView.swift */ = {isa = PBXFileReference; fileEncoding = 4; lastKnownFileType = sourcecode.swift; path = ButtrCartoonView.swift; sourceTree = "<group>"; };
		3C633D971B812CF0007DC9AF /* HomeViewController.swift */ = {isa = PBXFileReference; fileEncoding = 4; lastKnownFileType = sourcecode.swift; path = HomeViewController.swift; sourceTree = "<group>"; };
		3C7CD1671B8274BC00FEED2D /* WarningSlider.swift */ = {isa = PBXFileReference; fileEncoding = 4; lastKnownFileType = sourcecode.swift; path = WarningSlider.swift; sourceTree = "<group>"; };
		3C7CD1691B82A37900FEED2D /* Butter0.0.6.xcdatamodel */ = {isa = PBXFileReference; lastKnownFileType = wrapper.xcdatamodel; path = Butter0.0.6.xcdatamodel; sourceTree = "<group>"; };
		3C7CD16A1B82A4F700FEED2D /* Timer.swift */ = {isa = PBXFileReference; fileEncoding = 4; lastKnownFileType = sourcecode.swift; path = Timer.swift; sourceTree = "<group>"; };
		3C7CD16C1B82A4F700FEED2D /* Warning.swift */ = {isa = PBXFileReference; fileEncoding = 4; lastKnownFileType = sourcecode.swift; path = Warning.swift; sourceTree = "<group>"; };
		3C7CD16E1B82A7AC00FEED2D /* Warning+Utilities.swift */ = {isa = PBXFileReference; fileEncoding = 4; lastKnownFileType = sourcecode.swift; path = "Warning+Utilities.swift"; sourceTree = "<group>"; };
		3C7CD1B01B87C46100FEED2D /* CircularProgressBar.swift */ = {isa = PBXFileReference; fileEncoding = 4; lastKnownFileType = sourcecode.swift; path = CircularProgressBar.swift; sourceTree = "<group>"; };
		3C7CD1B21B87CBE800FEED2D /* HandleView.swift */ = {isa = PBXFileReference; fileEncoding = 4; lastKnownFileType = sourcecode.swift; path = HandleView.swift; sourceTree = "<group>"; };
		3CC0DAC11B79149E002FB268 /* TimerProgressView.swift */ = {isa = PBXFileReference; fileEncoding = 4; lastKnownFileType = sourcecode.swift; path = TimerProgressView.swift; sourceTree = "<group>"; };
		3CC0DAC51B791B0F002FB268 /* TimerProgressViewController.swift */ = {isa = PBXFileReference; fileEncoding = 4; lastKnownFileType = sourcecode.swift; path = TimerProgressViewController.swift; sourceTree = "<group>"; };
		3CC0DAC91B796439002FB268 /* Fabric.framework */ = {isa = PBXFileReference; lastKnownFileType = wrapper.framework; path = Fabric.framework; sourceTree = "<group>"; };
		3CC0DACA1B796439002FB268 /* Crashlytics.framework */ = {isa = PBXFileReference; lastKnownFileType = wrapper.framework; path = Crashlytics.framework; sourceTree = "<group>"; };
		3CC0DACD1B7AC4D2002FB268 /* AltEditTimerViewController.swift */ = {isa = PBXFileReference; fileEncoding = 4; lastKnownFileType = sourcecode.swift; path = AltEditTimerViewController.swift; sourceTree = "<group>"; };
		3CC0DACE1B7AC4D2002FB268 /* AltEditTimerViewController.xib */ = {isa = PBXFileReference; fileEncoding = 4; lastKnownFileType = file.xib; path = AltEditTimerViewController.xib; sourceTree = "<group>"; };
		3CC0DAD31B7C419A002FB268 /* PawButton.swift */ = {isa = PBXFileReference; fileEncoding = 4; lastKnownFileType = sourcecode.swift; path = PawButton.swift; sourceTree = "<group>"; };
		3CE7F9CE1B73B75A0015EED7 /* Buttr.app */ = {isa = PBXFileReference; explicitFileType = wrapper.application; includeInIndex = 0; path = Buttr.app; sourceTree = BUILT_PRODUCTS_DIR; };
		3CE7F9D21B73B75A0015EED7 /* Info.plist */ = {isa = PBXFileReference; lastKnownFileType = text.plist.xml; path = Info.plist; sourceTree = "<group>"; };
		3CE7F9D31B73B75A0015EED7 /* AppDelegate.swift */ = {isa = PBXFileReference; lastKnownFileType = sourcecode.swift; path = AppDelegate.swift; sourceTree = "<group>"; };
		3CE7F9D61B73B75A0015EED7 /* Buttr.xcdatamodel */ = {isa = PBXFileReference; lastKnownFileType = wrapper.xcdatamodel; path = Buttr.xcdatamodel; sourceTree = "<group>"; };
		3CE7F9D81B73B75A0015EED7 /* EditTimerViewController.swift */ = {isa = PBXFileReference; lastKnownFileType = sourcecode.swift; path = EditTimerViewController.swift; sourceTree = "<group>"; };
		3CE7F9DB1B73B75A0015EED7 /* Base */ = {isa = PBXFileReference; lastKnownFileType = file.storyboard; name = Base; path = Base.lproj/Main.storyboard; sourceTree = "<group>"; };
		3CE7F9DD1B73B75A0015EED7 /* Images.xcassets */ = {isa = PBXFileReference; lastKnownFileType = folder.assetcatalog; path = Images.xcassets; sourceTree = "<group>"; };
		3CE7F9E01B73B75A0015EED7 /* Base */ = {isa = PBXFileReference; lastKnownFileType = file.xib; name = Base; path = Base.lproj/LaunchScreen.xib; sourceTree = "<group>"; };
		3CE7F9E61B73B75B0015EED7 /* ButtrTests.xctest */ = {isa = PBXFileReference; explicitFileType = wrapper.cfbundle; includeInIndex = 0; path = ButtrTests.xctest; sourceTree = BUILT_PRODUCTS_DIR; };
		3CE7F9EB1B73B75B0015EED7 /* Info.plist */ = {isa = PBXFileReference; lastKnownFileType = text.plist.xml; path = Info.plist; sourceTree = "<group>"; };
		3CE7F9EC1B73B75B0015EED7 /* ButtrTests.swift */ = {isa = PBXFileReference; lastKnownFileType = sourcecode.swift; path = ButtrTests.swift; sourceTree = "<group>"; };
		3CE7F9F81B73C0270015EED7 /* CircularSlider.swift */ = {isa = PBXFileReference; fileEncoding = 4; lastKnownFileType = sourcecode.swift; path = CircularSlider.swift; sourceTree = "<group>"; };
		3CE7F9FA1B73DF870015EED7 /* TimerControlView.swift */ = {isa = PBXFileReference; fileEncoding = 4; lastKnownFileType = sourcecode.swift; path = TimerControlView.swift; sourceTree = "<group>"; };
		3CE7F9FD1B754E8F0015EED7 /* Bitter-Bold.otf */ = {isa = PBXFileReference; lastKnownFileType = file; path = "Bitter-Bold.otf"; sourceTree = "<group>"; };
		3CE7F9FE1B754E8F0015EED7 /* Bitter-Regular.otf */ = {isa = PBXFileReference; lastKnownFileType = file; path = "Bitter-Regular.otf"; sourceTree = "<group>"; };
		3CE7F9FF1B754EB10015EED7 /* Lato-Black.ttf */ = {isa = PBXFileReference; lastKnownFileType = file; path = "Lato-Black.ttf"; sourceTree = "<group>"; };
		3CE7FA001B754EB10015EED7 /* Lato-Light.ttf */ = {isa = PBXFileReference; lastKnownFileType = file; path = "Lato-Light.ttf"; sourceTree = "<group>"; };
		3CE7FA011B754EB10015EED7 /* Lato-Regular.ttf */ = {isa = PBXFileReference; lastKnownFileType = file; path = "Lato-Regular.ttf"; sourceTree = "<group>"; };
		3CE7FA081B7634A30015EED7 /* UIColor+ButtrColors.swift */ = {isa = PBXFileReference; fileEncoding = 4; lastKnownFileType = sourcecode.swift; path = "UIColor+ButtrColors.swift"; sourceTree = "<group>"; };
		3CF1FD801B7C4C700017F1AE /* KeyPadControlButton.swift */ = {isa = PBXFileReference; fileEncoding = 4; lastKnownFileType = sourcecode.swift; path = KeyPadControlButton.swift; sourceTree = "<group>"; };
		3CF1FDB51B7CFC860017F1AE /* DataManager.swift */ = {isa = PBXFileReference; fileEncoding = 4; lastKnownFileType = sourcecode.swift; path = DataManager.swift; sourceTree = "<group>"; };
		3CF1FDC41B7D2EB00017F1AE /* butter_bark.wav */ = {isa = PBXFileReference; lastKnownFileType = audio.wav; path = butter_bark.wav; sourceTree = "<group>"; };
		3CF1FDC61B7D499C0017F1AE /* Buttr-Bridging-Header.h */ = {isa = PBXFileReference; lastKnownFileType = sourcecode.c.h; path = "Buttr-Bridging-Header.h"; sourceTree = "<group>"; };
/* End PBXFileReference section */

/* Begin PBXFrameworksBuildPhase section */
		3CE7F9CB1B73B75A0015EED7 /* Frameworks */ = {
			isa = PBXFrameworksBuildPhase;
			buildActionMask = 2147483647;
			files = (
				3CC0DACC1B796439002FB268 /* Crashlytics.framework in Frameworks */,
				3CC0DACB1B796439002FB268 /* Fabric.framework in Frameworks */,
			);
			runOnlyForDeploymentPostprocessing = 0;
		};
		3CE7F9E31B73B75B0015EED7 /* Frameworks */ = {
			isa = PBXFrameworksBuildPhase;
			buildActionMask = 2147483647;
			files = (
			);
			runOnlyForDeploymentPostprocessing = 0;
		};
/* End PBXFrameworksBuildPhase section */

/* Begin PBXGroup section */
		3CC0DABC1B77995D002FB268 /* Models */ = {
			isa = PBXGroup;
			children = (
				3C7CD16C1B82A4F700FEED2D /* Warning.swift */,
				3C7CD16E1B82A7AC00FEED2D /* Warning+Utilities.swift */,
				3C7CD16A1B82A4F700FEED2D /* Timer.swift */,
				3C633D911B81107B007DC9AF /* Timer+Utilities.swift */,
				3CF1FDC61B7D499C0017F1AE /* Buttr-Bridging-Header.h */,
			);
			name = Models;
			sourceTree = "<group>";
		};
		3CC0DAC81B79642E002FB268 /* Frameworks */ = {
			isa = PBXGroup;
			children = (
				3CC0DAC91B796439002FB268 /* Fabric.framework */,
				3CC0DACA1B796439002FB268 /* Crashlytics.framework */,
			);
			name = Frameworks;
			sourceTree = "<group>";
		};
		3CE7F9C51B73B75A0015EED7 = {
			isa = PBXGroup;
			children = (
				3CE7F9D01B73B75A0015EED7 /* Buttr */,
				3CE7F9E91B73B75B0015EED7 /* ButtrTests */,
				3CE7F9CF1B73B75A0015EED7 /* Products */,
			);
			sourceTree = "<group>";
		};
		3CE7F9CF1B73B75A0015EED7 /* Products */ = {
			isa = PBXGroup;
			children = (
				3CE7F9CE1B73B75A0015EED7 /* Buttr.app */,
				3CE7F9E61B73B75B0015EED7 /* ButtrTests.xctest */,
			);
			name = Products;
			sourceTree = "<group>";
		};
		3CE7F9D01B73B75A0015EED7 /* Buttr */ = {
			isa = PBXGroup;
			children = (
				3CF1FDC31B7D2EAA0017F1AE /* Sounds */,
				3CC0DAC81B79642E002FB268 /* Frameworks */,
				3CC0DABC1B77995D002FB268 /* Models */,
				3CE7FA071B76347D0015EED7 /* Utilities */,
				3CE7F9FC1B754E4E0015EED7 /* Fonts */,
				3CE7F9F71B73BFEE0015EED7 /* Views */,
				3CE7F9F61B73BFE60015EED7 /* Controllers */,
				3CE7F9D31B73B75A0015EED7 /* AppDelegate.swift */,
				3CE7F9DD1B73B75A0015EED7 /* Images.xcassets */,
				3CE7F9DF1B73B75A0015EED7 /* LaunchScreen.xib */,
				3CE7F9D51B73B75A0015EED7 /* Buttr.xcdatamodeld */,
				3CE7F9D11B73B75A0015EED7 /* Supporting Files */,
			);
			path = Buttr;
			sourceTree = "<group>";
		};
		3CE7F9D11B73B75A0015EED7 /* Supporting Files */ = {
			isa = PBXGroup;
			children = (
				3CE7F9D21B73B75A0015EED7 /* Info.plist */,
			);
			name = "Supporting Files";
			sourceTree = "<group>";
		};
		3CE7F9E91B73B75B0015EED7 /* ButtrTests */ = {
			isa = PBXGroup;
			children = (
				3CE7F9EC1B73B75B0015EED7 /* ButtrTests.swift */,
				3CE7F9EA1B73B75B0015EED7 /* Supporting Files */,
			);
			path = ButtrTests;
			sourceTree = "<group>";
		};
		3CE7F9EA1B73B75B0015EED7 /* Supporting Files */ = {
			isa = PBXGroup;
			children = (
				3CE7F9EB1B73B75B0015EED7 /* Info.plist */,
			);
			name = "Supporting Files";
			sourceTree = "<group>";
		};
		3CE7F9F61B73BFE60015EED7 /* Controllers */ = {
			isa = PBXGroup;
			children = (
				3CE7F9D81B73B75A0015EED7 /* EditTimerViewController.swift */,
				3CC0DAC51B791B0F002FB268 /* TimerProgressViewController.swift */,
				3CC0DACD1B7AC4D2002FB268 /* AltEditTimerViewController.swift */,
				3CC0DACE1B7AC4D2002FB268 /* AltEditTimerViewController.xib */,
				3C633D971B812CF0007DC9AF /* HomeViewController.swift */,
				3CE7F9DA1B73B75A0015EED7 /* Main.storyboard */,
			);
			name = Controllers;
			sourceTree = "<group>";
		};
		3CE7F9F71B73BFEE0015EED7 /* Views */ = {
			isa = PBXGroup;
			children = (
				3C7CD1B01B87C46100FEED2D /* CircularProgressBar.swift */,
				3CE7F9F81B73C0270015EED7 /* CircularSlider.swift */,
				3C7CD1671B8274BC00FEED2D /* WarningSlider.swift */,
				3CE7F9FA1B73DF870015EED7 /* TimerControlView.swift */,
				3C4CE3961B766CB500B7ADD3 /* TimerLabelView.swift */,
				3CC0DAC11B79149E002FB268 /* TimerProgressView.swift */,
				3CC0DAD31B7C419A002FB268 /* PawButton.swift */,
				3CF1FD801B7C4C700017F1AE /* KeyPadControlButton.swift */,
				3C633D931B812220007DC9AF /* ButtrCartoonView.swift */,
				3C7CD1B21B87CBE800FEED2D /* HandleView.swift */,
			);
			name = Views;
			sourceTree = "<group>";
		};
		3CE7F9FC1B754E4E0015EED7 /* Fonts */ = {
			isa = PBXGroup;
			children = (
				3CE7F9FD1B754E8F0015EED7 /* Bitter-Bold.otf */,
				3CE7F9FE1B754E8F0015EED7 /* Bitter-Regular.otf */,
				3CE7F9FF1B754EB10015EED7 /* Lato-Black.ttf */,
				3CE7FA001B754EB10015EED7 /* Lato-Light.ttf */,
				3CE7FA011B754EB10015EED7 /* Lato-Regular.ttf */,
			);
			name = Fonts;
			sourceTree = "<group>";
		};
		3CE7FA071B76347D0015EED7 /* Utilities */ = {
			isa = PBXGroup;
			children = (
				3CE7FA081B7634A30015EED7 /* UIColor+ButtrColors.swift */,
				3C4CE3941B763AE700B7ADD3 /* MathHelpers.swift */,
				3CF1FDB51B7CFC860017F1AE /* DataManager.swift */,
			);
			name = Utilities;
			sourceTree = "<group>";
		};
		3CF1FDC31B7D2EAA0017F1AE /* Sounds */ = {
			isa = PBXGroup;
			children = (
				3CF1FDC41B7D2EB00017F1AE /* butter_bark.wav */,
				3C60E07D1B8B9E0300FE7AE4 /* butter_growl.wav */,
			);
			name = Sounds;
			sourceTree = "<group>";
		};
/* End PBXGroup section */

/* Begin PBXNativeTarget section */
		3CE7F9CD1B73B75A0015EED7 /* Buttr */ = {
			isa = PBXNativeTarget;
			buildConfigurationList = 3CE7F9F01B73B75B0015EED7 /* Build configuration list for PBXNativeTarget "Buttr" */;
			buildPhases = (
				3CE7F9CA1B73B75A0015EED7 /* Sources */,
				3CE7F9CB1B73B75A0015EED7 /* Frameworks */,
				3CE7F9CC1B73B75A0015EED7 /* Resources */,
				3CC0DAC71B796417002FB268 /* ShellScript */,
			);
			buildRules = (
			);
			dependencies = (
			);
			name = Buttr;
			productName = Buttr;
			productReference = 3CE7F9CE1B73B75A0015EED7 /* Buttr.app */;
			productType = "com.apple.product-type.application";
		};
		3CE7F9E51B73B75B0015EED7 /* ButtrTests */ = {
			isa = PBXNativeTarget;
			buildConfigurationList = 3CE7F9F31B73B75B0015EED7 /* Build configuration list for PBXNativeTarget "ButtrTests" */;
			buildPhases = (
				3CE7F9E21B73B75B0015EED7 /* Sources */,
				3CE7F9E31B73B75B0015EED7 /* Frameworks */,
				3CE7F9E41B73B75B0015EED7 /* Resources */,
			);
			buildRules = (
			);
			dependencies = (
				3CE7F9E81B73B75B0015EED7 /* PBXTargetDependency */,
			);
			name = ButtrTests;
			productName = ButtrTests;
			productReference = 3CE7F9E61B73B75B0015EED7 /* ButtrTests.xctest */;
			productType = "com.apple.product-type.bundle.unit-test";
		};
/* End PBXNativeTarget section */

/* Begin PBXProject section */
		3CE7F9C61B73B75A0015EED7 /* Project object */ = {
			isa = PBXProject;
			attributes = {
				LastUpgradeCheck = 0630;
				ORGANIZATIONNAME = "Kyle Lucovsky";
				TargetAttributes = {
					3CE7F9CD1B73B75A0015EED7 = {
						CreatedOnToolsVersion = 6.3.1;
						DevelopmentTeam = 3229ATD34P;
						SystemCapabilities = {
							com.apple.BackgroundModes = {
								enabled = 1;
							};
						};
					};
					3CE7F9E51B73B75B0015EED7 = {
						CreatedOnToolsVersion = 6.3.1;
						TestTargetID = 3CE7F9CD1B73B75A0015EED7;
					};
				};
			};
			buildConfigurationList = 3CE7F9C91B73B75A0015EED7 /* Build configuration list for PBXProject "Buttr" */;
			compatibilityVersion = "Xcode 3.2";
			developmentRegion = English;
			hasScannedForEncodings = 0;
			knownRegions = (
				en,
				Base,
			);
			mainGroup = 3CE7F9C51B73B75A0015EED7;
			productRefGroup = 3CE7F9CF1B73B75A0015EED7 /* Products */;
			projectDirPath = "";
			projectRoot = "";
			targets = (
				3CE7F9CD1B73B75A0015EED7 /* Buttr */,
				3CE7F9E51B73B75B0015EED7 /* ButtrTests */,
			);
		};
/* End PBXProject section */

/* Begin PBXResourcesBuildPhase section */
		3CE7F9CC1B73B75A0015EED7 /* Resources */ = {
			isa = PBXResourcesBuildPhase;
			buildActionMask = 2147483647;
			files = (
				3CE7FA021B754ED70015EED7 /* Bitter-Bold.otf in Resources */,
				3CE7FA031B754ED70015EED7 /* Bitter-Regular.otf in Resources */,
				3CC0DAD01B7AC4D2002FB268 /* AltEditTimerViewController.xib in Resources */,
				3CE7FA041B754ED70015EED7 /* Lato-Black.ttf in Resources */,
				3CF1FDC51B7D2EB00017F1AE /* butter_bark.wav in Resources */,
				3CE7FA051B754ED70015EED7 /* Lato-Light.ttf in Resources */,
				3C60E07E1B8B9E0300FE7AE4 /* butter_growl.wav in Resources */,
				3CE7FA061B754ED70015EED7 /* Lato-Regular.ttf in Resources */,
				3CE7F9DC1B73B75A0015EED7 /* Main.storyboard in Resources */,
				3CE7F9E11B73B75A0015EED7 /* LaunchScreen.xib in Resources */,
				3CE7F9DE1B73B75A0015EED7 /* Images.xcassets in Resources */,
			);
			runOnlyForDeploymentPostprocessing = 0;
		};
		3CE7F9E41B73B75B0015EED7 /* Resources */ = {
			isa = PBXResourcesBuildPhase;
			buildActionMask = 2147483647;
			files = (
			);
			runOnlyForDeploymentPostprocessing = 0;
		};
/* End PBXResourcesBuildPhase section */

/* Begin PBXShellScriptBuildPhase section */
		3CC0DAC71B796417002FB268 /* ShellScript */ = {
			isa = PBXShellScriptBuildPhase;
			buildActionMask = 2147483647;
			files = (
			);
			inputPaths = (
			);
			outputPaths = (
			);
			runOnlyForDeploymentPostprocessing = 0;
			shellPath = /bin/sh;
			shellScript = "./Fabric.framework/run d5fa13dcccb309a0e9011863c1335089a14445b2 4957527971d97a39f064e340c153855ae586f9629b5b5f7a709bdefc521dd3ed";
		};
/* End PBXShellScriptBuildPhase section */

/* Begin PBXSourcesBuildPhase section */
		3CE7F9CA1B73B75A0015EED7 /* Sources */ = {
			isa = PBXSourcesBuildPhase;
			buildActionMask = 2147483647;
			files = (
				3CC0DAD41B7C419A002FB268 /* PawButton.swift in Sources */,
				3C633D941B812220007DC9AF /* ButtrCartoonView.swift in Sources */,
				3C7CD1B31B87CBE800FEED2D /* HandleView.swift in Sources */,
				3C633D981B812CF0007DC9AF /* HomeViewController.swift in Sources */,
				3C7CD16B1B82A4F700FEED2D /* Timer.swift in Sources */,
				3CF1FDB61B7CFC860017F1AE /* DataManager.swift in Sources */,
				3C7CD16F1B82A7AC00FEED2D /* Warning+Utilities.swift in Sources */,
				3CE7F9FB1B73DF870015EED7 /* TimerControlView.swift in Sources */,
				3CC0DACF1B7AC4D2002FB268 /* AltEditTimerViewController.swift in Sources */,
				3C7CD16D1B82A4F700FEED2D /* Warning.swift in Sources */,
				3CE7FA091B7634A30015EED7 /* UIColor+ButtrColors.swift in Sources */,
				3CE7F9D91B73B75A0015EED7 /* EditTimerViewController.swift in Sources */,
				3C633D921B81107B007DC9AF /* Timer+Utilities.swift in Sources */,
				3C7CD1B11B87C46100FEED2D /* CircularProgressBar.swift in Sources */,
				3C4CE3971B766CB500B7ADD3 /* TimerLabelView.swift in Sources */,
				3CE7F9D41B73B75A0015EED7 /* AppDelegate.swift in Sources */,
				3CE7F9D71B73B75A0015EED7 /* Buttr.xcdatamodeld in Sources */,
				3CE7F9F91B73C0270015EED7 /* CircularSlider.swift in Sources */,
				3CC0DAC61B791B0F002FB268 /* TimerProgressViewController.swift in Sources */,
				3C4CE3951B763AE700B7ADD3 /* MathHelpers.swift in Sources */,
				3CC0DAC21B79149E002FB268 /* TimerProgressView.swift in Sources */,
				3CF1FD811B7C4C700017F1AE /* KeyPadControlButton.swift in Sources */,
				3C7CD1681B8274BC00FEED2D /* WarningSlider.swift in Sources */,
			);
			runOnlyForDeploymentPostprocessing = 0;
		};
		3CE7F9E21B73B75B0015EED7 /* Sources */ = {
			isa = PBXSourcesBuildPhase;
			buildActionMask = 2147483647;
			files = (
				3CE7F9ED1B73B75B0015EED7 /* ButtrTests.swift in Sources */,
			);
			runOnlyForDeploymentPostprocessing = 0;
		};
/* End PBXSourcesBuildPhase section */

/* Begin PBXTargetDependency section */
		3CE7F9E81B73B75B0015EED7 /* PBXTargetDependency */ = {
			isa = PBXTargetDependency;
			target = 3CE7F9CD1B73B75A0015EED7 /* Buttr */;
			targetProxy = 3CE7F9E71B73B75B0015EED7 /* PBXContainerItemProxy */;
		};
/* End PBXTargetDependency section */

/* Begin PBXVariantGroup section */
		3CE7F9DA1B73B75A0015EED7 /* Main.storyboard */ = {
			isa = PBXVariantGroup;
			children = (
				3CE7F9DB1B73B75A0015EED7 /* Base */,
			);
			name = Main.storyboard;
			sourceTree = "<group>";
		};
		3CE7F9DF1B73B75A0015EED7 /* LaunchScreen.xib */ = {
			isa = PBXVariantGroup;
			children = (
				3CE7F9E01B73B75A0015EED7 /* Base */,
			);
			name = LaunchScreen.xib;
			sourceTree = "<group>";
		};
/* End PBXVariantGroup section */

/* Begin XCBuildConfiguration section */
		3CE7F9EE1B73B75B0015EED7 /* Debug */ = {
			isa = XCBuildConfiguration;
			buildSettings = {
				ALWAYS_SEARCH_USER_PATHS = NO;
				CLANG_CXX_LANGUAGE_STANDARD = "gnu++0x";
				CLANG_CXX_LIBRARY = "libc++";
				CLANG_ENABLE_MODULES = YES;
				CLANG_ENABLE_OBJC_ARC = YES;
				CLANG_WARN_BOOL_CONVERSION = YES;
				CLANG_WARN_CONSTANT_CONVERSION = YES;
				CLANG_WARN_DIRECT_OBJC_ISA_USAGE = YES_ERROR;
				CLANG_WARN_EMPTY_BODY = YES;
				CLANG_WARN_ENUM_CONVERSION = YES;
				CLANG_WARN_INT_CONVERSION = YES;
				CLANG_WARN_OBJC_ROOT_CLASS = YES_ERROR;
				CLANG_WARN_UNREACHABLE_CODE = YES;
				CLANG_WARN__DUPLICATE_METHOD_MATCH = YES;
				"CODE_SIGN_IDENTITY[sdk=iphoneos*]" = "iPhone Developer";
				COPY_PHASE_STRIP = NO;
				DEBUG_INFORMATION_FORMAT = "dwarf-with-dsym";
				ENABLE_STRICT_OBJC_MSGSEND = YES;
				GCC_C_LANGUAGE_STANDARD = gnu99;
				GCC_DYNAMIC_NO_PIC = NO;
				GCC_NO_COMMON_BLOCKS = YES;
				GCC_OPTIMIZATION_LEVEL = 0;
				GCC_PREPROCESSOR_DEFINITIONS = (
					"DEBUG=1",
					"$(inherited)",
				);
				GCC_SYMBOLS_PRIVATE_EXTERN = NO;
				GCC_WARN_64_TO_32_BIT_CONVERSION = YES;
				GCC_WARN_ABOUT_RETURN_TYPE = YES_ERROR;
				GCC_WARN_UNDECLARED_SELECTOR = YES;
				GCC_WARN_UNINITIALIZED_AUTOS = YES_AGGRESSIVE;
				GCC_WARN_UNUSED_FUNCTION = YES;
				GCC_WARN_UNUSED_VARIABLE = YES;
				IPHONEOS_DEPLOYMENT_TARGET = 8.3;
				MTL_ENABLE_DEBUG_INFO = YES;
				ONLY_ACTIVE_ARCH = YES;
				SDKROOT = iphoneos;
				SWIFT_OPTIMIZATION_LEVEL = "-Onone";
				TARGETED_DEVICE_FAMILY = "1,2";
			};
			name = Debug;
		};
		3CE7F9EF1B73B75B0015EED7 /* Release */ = {
			isa = XCBuildConfiguration;
			buildSettings = {
				ALWAYS_SEARCH_USER_PATHS = NO;
				CLANG_CXX_LANGUAGE_STANDARD = "gnu++0x";
				CLANG_CXX_LIBRARY = "libc++";
				CLANG_ENABLE_MODULES = YES;
				CLANG_ENABLE_OBJC_ARC = YES;
				CLANG_WARN_BOOL_CONVERSION = YES;
				CLANG_WARN_CONSTANT_CONVERSION = YES;
				CLANG_WARN_DIRECT_OBJC_ISA_USAGE = YES_ERROR;
				CLANG_WARN_EMPTY_BODY = YES;
				CLANG_WARN_ENUM_CONVERSION = YES;
				CLANG_WARN_INT_CONVERSION = YES;
				CLANG_WARN_OBJC_ROOT_CLASS = YES_ERROR;
				CLANG_WARN_UNREACHABLE_CODE = YES;
				CLANG_WARN__DUPLICATE_METHOD_MATCH = YES;
				"CODE_SIGN_IDENTITY[sdk=iphoneos*]" = "iPhone Developer";
				COPY_PHASE_STRIP = NO;
				DEBUG_INFORMATION_FORMAT = "dwarf-with-dsym";
				ENABLE_NS_ASSERTIONS = NO;
				ENABLE_STRICT_OBJC_MSGSEND = YES;
				GCC_C_LANGUAGE_STANDARD = gnu99;
				GCC_NO_COMMON_BLOCKS = YES;
				GCC_WARN_64_TO_32_BIT_CONVERSION = YES;
				GCC_WARN_ABOUT_RETURN_TYPE = YES_ERROR;
				GCC_WARN_UNDECLARED_SELECTOR = YES;
				GCC_WARN_UNINITIALIZED_AUTOS = YES_AGGRESSIVE;
				GCC_WARN_UNUSED_FUNCTION = YES;
				GCC_WARN_UNUSED_VARIABLE = YES;
				IPHONEOS_DEPLOYMENT_TARGET = 8.3;
				MTL_ENABLE_DEBUG_INFO = NO;
				SDKROOT = iphoneos;
				TARGETED_DEVICE_FAMILY = "1,2";
				VALIDATE_PRODUCT = YES;
			};
			name = Release;
		};
		3CE7F9F11B73B75B0015EED7 /* Debug */ = {
			isa = XCBuildConfiguration;
			buildSettings = {
				ASSETCATALOG_COMPILER_APPICON_NAME = AppIcon;
				CLANG_ENABLE_MODULES = YES;
				CODE_SIGN_IDENTITY = "iPhone Developer";
				FRAMEWORK_SEARCH_PATHS = (
					"$(inherited)",
					"$(PROJECT_DIR)/Buttr",
				);
				INFOPLIST_FILE = Buttr/Info.plist;
				LD_RUNPATH_SEARCH_PATHS = "$(inherited) @executable_path/Frameworks";
				PRODUCT_NAME = "$(TARGET_NAME)";
				SWIFT_OBJC_BRIDGING_HEADER = "Buttr/Buttr-Bridging-Header.h";
				SWIFT_OPTIMIZATION_LEVEL = "-Onone";
			};
			name = Debug;
		};
		3CE7F9F21B73B75B0015EED7 /* Release */ = {
			isa = XCBuildConfiguration;
			buildSettings = {
				ASSETCATALOG_COMPILER_APPICON_NAME = AppIcon;
				CLANG_ENABLE_MODULES = YES;
				CODE_SIGN_IDENTITY = "iPhone Developer";
				FRAMEWORK_SEARCH_PATHS = (
					"$(inherited)",
					"$(PROJECT_DIR)/Buttr",
				);
				INFOPLIST_FILE = Buttr/Info.plist;
				LD_RUNPATH_SEARCH_PATHS = "$(inherited) @executable_path/Frameworks";
				PRODUCT_NAME = "$(TARGET_NAME)";
				SWIFT_OBJC_BRIDGING_HEADER = "Buttr/Buttr-Bridging-Header.h";
			};
			name = Release;
		};
		3CE7F9F41B73B75B0015EED7 /* Debug */ = {
			isa = XCBuildConfiguration;
			buildSettings = {
				BUNDLE_LOADER = "$(TEST_HOST)";
				FRAMEWORK_SEARCH_PATHS = (
					"$(SDKROOT)/Developer/Library/Frameworks",
					"$(inherited)",
				);
				GCC_PREPROCESSOR_DEFINITIONS = (
					"DEBUG=1",
					"$(inherited)",
				);
				INFOPLIST_FILE = ButtrTests/Info.plist;
				LD_RUNPATH_SEARCH_PATHS = "$(inherited) @executable_path/Frameworks @loader_path/Frameworks";
				PRODUCT_NAME = "$(TARGET_NAME)";
				TEST_HOST = "$(BUILT_PRODUCTS_DIR)/Buttr.app/Buttr";
			};
			name = Debug;
		};
		3CE7F9F51B73B75B0015EED7 /* Release */ = {
			isa = XCBuildConfiguration;
			buildSettings = {
				BUNDLE_LOADER = "$(TEST_HOST)";
				FRAMEWORK_SEARCH_PATHS = (
					"$(SDKROOT)/Developer/Library/Frameworks",
					"$(inherited)",
				);
				INFOPLIST_FILE = ButtrTests/Info.plist;
				LD_RUNPATH_SEARCH_PATHS = "$(inherited) @executable_path/Frameworks @loader_path/Frameworks";
				PRODUCT_NAME = "$(TARGET_NAME)";
				TEST_HOST = "$(BUILT_PRODUCTS_DIR)/Buttr.app/Buttr";
			};
			name = Release;
		};
/* End XCBuildConfiguration section */

/* Begin XCConfigurationList section */
		3CE7F9C91B73B75A0015EED7 /* Build configuration list for PBXProject "Buttr" */ = {
			isa = XCConfigurationList;
			buildConfigurations = (
				3CE7F9EE1B73B75B0015EED7 /* Debug */,
				3CE7F9EF1B73B75B0015EED7 /* Release */,
			);
			defaultConfigurationIsVisible = 0;
			defaultConfigurationName = Release;
		};
		3CE7F9F01B73B75B0015EED7 /* Build configuration list for PBXNativeTarget "Buttr" */ = {
			isa = XCConfigurationList;
			buildConfigurations = (
				3CE7F9F11B73B75B0015EED7 /* Debug */,
				3CE7F9F21B73B75B0015EED7 /* Release */,
			);
			defaultConfigurationIsVisible = 0;
			defaultConfigurationName = Release;
		};
		3CE7F9F31B73B75B0015EED7 /* Build configuration list for PBXNativeTarget "ButtrTests" */ = {
			isa = XCConfigurationList;
			buildConfigurations = (
				3CE7F9F41B73B75B0015EED7 /* Debug */,
				3CE7F9F51B73B75B0015EED7 /* Release */,
			);
			defaultConfigurationIsVisible = 0;
			defaultConfigurationName = Release;
		};
/* End XCConfigurationList section */

/* Begin XCVersionGroup section */
		3CE7F9D51B73B75A0015EED7 /* Buttr.xcdatamodeld */ = {
			isa = XCVersionGroup;
			children = (
				3C7CD1691B82A37900FEED2D /* Butter0.0.6.xcdatamodel */,
				3C633D8E1B7ECC4A007DC9AF /* Butter0.0.5.xcdatamodel */,
				3CE7F9D61B73B75A0015EED7 /* Buttr.xcdatamodel */,
			);
			currentVersion = 3C7CD1691B82A37900FEED2D /* Butter0.0.6.xcdatamodel */;
			path = Buttr.xcdatamodeld;
			sourceTree = "<group>";
			versionGroupType = wrapper.xcdatamodel;
		};
/* End XCVersionGroup section */
	};
	rootObject = 3CE7F9C61B73B75A0015EED7 /* Project object */;
}
